
Microsoft Visual Studio Solution File, Format Version 12.00
# Visual Studio 15
VisualStudioVersion = 15.0.27130.2036
MinimumVisualStudioVersion = 10.0.40219.1
Project("{FAE04EC0-301F-11D3-BF4B-00C04F79EFBC}") = "EfBulkOperations.Data", "EfBulkOperations.Data\EfBulkOperations.Data.csproj", "{523DD417-0479-4627-AD88-650AC1F250CB}"
EndProject
Project("{FAE04EC0-301F-11D3-BF4B-00C04F79EFBC}") = "EfBulkOperations.Client", "EfBulkOperations.Client\EfBulkOperations.Client.csproj", "{104849BB-D5E0-4898-A9DA-F7517386310A}"
EndProject
Project("{FAE04EC0-301F-11D3-BF4B-00C04F79EFBC}") = "EfBulkOperations", "EfBulkOperations\EfBulkOperations.csproj", "{DFEAF5F7-CAC9-455D-A47F-CE08D0C8D1BB}"
EndProject
Global
	GlobalSection(SolutionConfigurationPlatforms) = preSolution
		Debug|Any CPU = Debug|Any CPU
		Release|Any CPU = Release|Any CPU
	EndGlobalSection
	GlobalSection(ProjectConfigurationPlatforms) = postSolution
		{523DD417-0479-4627-AD88-650AC1F250CB}.Debug|Any CPU.ActiveCfg = Debug|Any CPU
		{523DD417-0479-4627-AD88-650AC1F250CB}.Debug|Any CPU.Build.0 = Debug|Any CPU
		{523DD417-0479-4627-AD88-650AC1F250CB}.Release|Any CPU.ActiveCfg = Release|Any CPU
		{523DD417-0479-4627-AD88-650AC1F250CB}.Release|Any CPU.Build.0 = Release|Any CPU
		{104849BB-D5E0-4898-A9DA-F7517386310A}.Debug|Any CPU.ActiveCfg = Debug|Any CPU
		{104849BB-D5E0-4898-A9DA-F7517386310A}.Debug|Any CPU.Build.0 = Debug|Any CPU
		{104849BB-D5E0-4898-A9DA-F7517386310A}.Release|Any CPU.ActiveCfg = Release|Any CPU
		{104849BB-D5E0-4898-A9DA-F7517386310A}.Release|Any CPU.Build.0 = Release|Any CPU
		{DFEAF5F7-CAC9-455D-A47F-CE08D0C8D1BB}.Debug|Any CPU.ActiveCfg = Debug|Any CPU
		{DFEAF5F7-CAC9-455D-A47F-CE08D0C8D1BB}.Debug|Any CPU.Build.0 = Debug|Any CPU
		{DFEAF5F7-CAC9-455D-A47F-CE08D0C8D1BB}.Release|Any CPU.ActiveCfg = Release|Any CPU
		{DFEAF5F7-CAC9-455D-A47F-CE08D0C8D1BB}.Release|Any CPU.Build.0 = Release|Any CPU
	EndGlobalSection
	GlobalSection(SolutionProperties) = preSolution
		HideSolutionNode = FALSE
	EndGlobalSection
	GlobalSection(ExtensibilityGlobals) = postSolution
		SolutionGuid = {A8AD2E9D-F027-4CF5-9E96-C24D14FB6908}
	EndGlobalSection
EndGlobal
